
Microsoft Visual Studio Solution File, Format Version 12.00
# Visual Studio Version 17
VisualStudioVersion = 17.6.33712.159
MinimumVisualStudioVersion = 10.0.40219.1
Project("{9A19103F-16F7-4668-BE54-9A1E7A4F7556}") = "Pastebin.Web", "src\Pastebin.Web\Pastebin.Web.csproj", "{53BFC629-E206-491B-A422-A86F38AD1874}"
EndProject
Project("{2150E333-8FDC-42A3-9474-1A3956D46DE8}") = "src", "src", "{CF82C071-2CF2-4BAC-B1FD-FF01CBEAF202}"
EndProject
Project("{2150E333-8FDC-42A3-9474-1A3956D46DE8}") = "tests", "tests", "{F0ED98A2-8BF0-4718-B3BF-5DCF39026B8E}"
EndProject
Project("{FAE04EC0-301F-11D3-BF4B-00C04F79EFBC}") = "Pastebin.Data", "src\Pastebin.Data\Pastebin.Data.csproj", "{8B89484E-9EF3-48E0-AF56-65054975C3A4}"
EndProject
Project("{FAE04EC0-301F-11D3-BF4B-00C04F79EFBC}") = "Pastebin.Domain", "src\Pastebin.Domain\Pastebin.Domain.csproj", "{7534EF64-91C7-4215-AF6A-27D342582F45}"
EndProject
Project("{FAE04EC0-301F-11D3-BF4B-00C04F79EFBC}") = "Pastebin.Tests", "tests\Pastebin.Tests\Pastebin.Tests.csproj", "{BD3DD63E-9056-4D3F-BE2B-3B628B417C51}"
EndProject
Global
	GlobalSection(SolutionConfigurationPlatforms) = preSolution
		Debug|Any CPU = Debug|Any CPU
		Release|Any CPU = Release|Any CPU
	EndGlobalSection
	GlobalSection(ProjectConfigurationPlatforms) = postSolution
		{53BFC629-E206-491B-A422-A86F38AD1874}.Debug|Any CPU.ActiveCfg = Debug|Any CPU
		{53BFC629-E206-491B-A422-A86F38AD1874}.Debug|Any CPU.Build.0 = Debug|Any CPU
		{53BFC629-E206-491B-A422-A86F38AD1874}.Release|Any CPU.ActiveCfg = Release|Any CPU
		{53BFC629-E206-491B-A422-A86F38AD1874}.Release|Any CPU.Build.0 = Release|Any CPU
		{8B89484E-9EF3-48E0-AF56-65054975C3A4}.Debug|Any CPU.ActiveCfg = Debug|Any CPU
		{8B89484E-9EF3-48E0-AF56-65054975C3A4}.Debug|Any CPU.Build.0 = Debug|Any CPU
		{8B89484E-9EF3-48E0-AF56-65054975C3A4}.Release|Any CPU.ActiveCfg = Release|Any CPU
		{8B89484E-9EF3-48E0-AF56-65054975C3A4}.Release|Any CPU.Build.0 = Release|Any CPU
		{7534EF64-91C7-4215-AF6A-27D342582F45}.Debug|Any CPU.ActiveCfg = Debug|Any CPU
		{7534EF64-91C7-4215-AF6A-27D342582F45}.Debug|Any CPU.Build.0 = Debug|Any CPU
		{7534EF64-91C7-4215-AF6A-27D342582F45}.Release|Any CPU.ActiveCfg = Release|Any CPU
		{7534EF64-91C7-4215-AF6A-27D342582F45}.Release|Any CPU.Build.0 = Release|Any CPU
		{BD3DD63E-9056-4D3F-BE2B-3B628B417C51}.Debug|Any CPU.ActiveCfg = Debug|Any CPU
		{BD3DD63E-9056-4D3F-BE2B-3B628B417C51}.Debug|Any CPU.Build.0 = Debug|Any CPU
		{BD3DD63E-9056-4D3F-BE2B-3B628B417C51}.Release|Any CPU.ActiveCfg = Release|Any CPU
		{BD3DD63E-9056-4D3F-BE2B-3B628B417C51}.Release|Any CPU.Build.0 = Release|Any CPU
	EndGlobalSection
	GlobalSection(SolutionProperties) = preSolution
		HideSolutionNode = FALSE
	EndGlobalSection
	GlobalSection(NestedProjects) = preSolution
		{53BFC629-E206-491B-A422-A86F38AD1874} = {CF82C071-2CF2-4BAC-B1FD-FF01CBEAF202}
		{8B89484E-9EF3-48E0-AF56-65054975C3A4} = {CF82C071-2CF2-4BAC-B1FD-FF01CBEAF202}
		{7534EF64-91C7-4215-AF6A-27D342582F45} = {CF82C071-2CF2-4BAC-B1FD-FF01CBEAF202}
		{BD3DD63E-9056-4D3F-BE2B-3B628B417C51} = {F0ED98A2-8BF0-4718-B3BF-5DCF39026B8E}
	EndGlobalSection
	GlobalSection(ExtensibilityGlobals) = postSolution
		SolutionGuid = {4B187CF3-8E3A-4072-82F6-34E92684A274}
	EndGlobalSection
EndGlobal
